
Microsoft Visual Studio Solution File, Format Version 12.00
# Visual Studio 15
VisualStudioVersion = 15.0.27004.2002
MinimumVisualStudioVersion = 10.0.40219.1
Project("{2150E333-8FDC-42A3-9474-1A3956D46DE8}") = "01 - Dominio", "01 - Dominio", "{6F0FF527-56B0-44A1-916E-C96BC80E9AE5}"
EndProject
Project("{2150E333-8FDC-42A3-9474-1A3956D46DE8}") = "02-Infra-Estrutura", "02-Infra-Estrutura", "{A3616562-88C6-4E8C-A490-19C8E488AB6D}"
EndProject
Project("{2150E333-8FDC-42A3-9474-1A3956D46DE8}") = "03-WebAPI", "03-WebAPI", "{74362A89-5815-45EB-9EE8-D6929871D594}"
EndProject
Project("{2150E333-8FDC-42A3-9474-1A3956D46DE8}") = "04-Core", "04-Core", "{6C564F60-A8D8-4681-95ED-E9989775562C}"
EndProject
Project("{2150E333-8FDC-42A3-9474-1A3956D46DE8}") = "05-TesteUnitario", "05-TesteUnitario", "{4788D8AA-99CE-480D-AAAA-A3576C053C1C}"
EndProject
Project("{FAE04EC0-301F-11D3-BF4B-00C04F79EFBC}") = "API", "API\API.csproj", "{27293FD7-1F89-4ED0-99B6-09D41DDCD823}"
EndProject
Project("{2150E333-8FDC-42A3-9474-1A3956D46DE8}") = "Entidades", "Entidades", "{1EF1E430-0FF9-40A5-AE0E-8CB9306E4236}"
EndProject
Project("{2150E333-8FDC-42A3-9474-1A3956D46DE8}") = "Servicos", "Servicos", "{CD40645F-F31B-457B-837E-A17BD58BAAF0}"
EndProject
Project("{FAE04EC0-301F-11D3-BF4B-00C04F79EFBC}") = "Core", "Core\Core.csproj", "{EEAD8CB5-4381-4E40-AAF8-BD3CC1E6B896}"
EndProject
Project("{FAE04EC0-301F-11D3-BF4B-00C04F79EFBC}") = "Entidade", "Entidade\Entidade.csproj", "{CCF4444F-EF2B-49BC-B4BD-64F3C98B46B0}"
EndProject
Project("{FAE04EC0-301F-11D3-BF4B-00C04F79EFBC}") = "Service", "Service\Service.csproj", "{DE00C2E3-A872-41B0-A1B0-5883F392F938}"
EndProject
Project("{FAE04EC0-301F-11D3-BF4B-00C04F79EFBC}") = "Indicador.Infra.Data.EF", "Indicador.Infra.Data.EF\Indicador.Infra.Data.EF.csproj", "{F8A5E4BA-F81C-4C2C-BC57-69E4C5B8ACE7}"
EndProject
Global
	GlobalSection(SolutionConfigurationPlatforms) = preSolution
		Debug|Any CPU = Debug|Any CPU
		Release|Any CPU = Release|Any CPU
	EndGlobalSection
	GlobalSection(ProjectConfigurationPlatforms) = postSolution
		{27293FD7-1F89-4ED0-99B6-09D41DDCD823}.Debug|Any CPU.ActiveCfg = Debug|Any CPU
		{27293FD7-1F89-4ED0-99B6-09D41DDCD823}.Debug|Any CPU.Build.0 = Debug|Any CPU
		{27293FD7-1F89-4ED0-99B6-09D41DDCD823}.Release|Any CPU.ActiveCfg = Release|Any CPU
		{27293FD7-1F89-4ED0-99B6-09D41DDCD823}.Release|Any CPU.Build.0 = Release|Any CPU
		{EEAD8CB5-4381-4E40-AAF8-BD3CC1E6B896}.Debug|Any CPU.ActiveCfg = Debug|Any CPU
		{EEAD8CB5-4381-4E40-AAF8-BD3CC1E6B896}.Debug|Any CPU.Build.0 = Debug|Any CPU
		{EEAD8CB5-4381-4E40-AAF8-BD3CC1E6B896}.Release|Any CPU.ActiveCfg = Release|Any CPU
		{EEAD8CB5-4381-4E40-AAF8-BD3CC1E6B896}.Release|Any CPU.Build.0 = Release|Any CPU
		{CCF4444F-EF2B-49BC-B4BD-64F3C98B46B0}.Debug|Any CPU.ActiveCfg = Debug|Any CPU
		{CCF4444F-EF2B-49BC-B4BD-64F3C98B46B0}.Debug|Any CPU.Build.0 = Debug|Any CPU
		{CCF4444F-EF2B-49BC-B4BD-64F3C98B46B0}.Release|Any CPU.ActiveCfg = Release|Any CPU
		{CCF4444F-EF2B-49BC-B4BD-64F3C98B46B0}.Release|Any CPU.Build.0 = Release|Any CPU
		{DE00C2E3-A872-41B0-A1B0-5883F392F938}.Debug|Any CPU.ActiveCfg = Debug|Any CPU
		{DE00C2E3-A872-41B0-A1B0-5883F392F938}.Debug|Any CPU.Build.0 = Debug|Any CPU
		{DE00C2E3-A872-41B0-A1B0-5883F392F938}.Release|Any CPU.ActiveCfg = Release|Any CPU
		{DE00C2E3-A872-41B0-A1B0-5883F392F938}.Release|Any CPU.Build.0 = Release|Any CPU
		{F8A5E4BA-F81C-4C2C-BC57-69E4C5B8ACE7}.Debug|Any CPU.ActiveCfg = Debug|Any CPU
		{F8A5E4BA-F81C-4C2C-BC57-69E4C5B8ACE7}.Debug|Any CPU.Build.0 = Debug|Any CPU
		{F8A5E4BA-F81C-4C2C-BC57-69E4C5B8ACE7}.Release|Any CPU.ActiveCfg = Release|Any CPU
		{F8A5E4BA-F81C-4C2C-BC57-69E4C5B8ACE7}.Release|Any CPU.Build.0 = Release|Any CPU
	EndGlobalSection
	GlobalSection(SolutionProperties) = preSolution
		HideSolutionNode = FALSE
	EndGlobalSection
	GlobalSection(NestedProjects) = preSolution
		{27293FD7-1F89-4ED0-99B6-09D41DDCD823} = {74362A89-5815-45EB-9EE8-D6929871D594}
		{1EF1E430-0FF9-40A5-AE0E-8CB9306E4236} = {6F0FF527-56B0-44A1-916E-C96BC80E9AE5}
		{CD40645F-F31B-457B-837E-A17BD58BAAF0} = {6F0FF527-56B0-44A1-916E-C96BC80E9AE5}
		{EEAD8CB5-4381-4E40-AAF8-BD3CC1E6B896} = {6C564F60-A8D8-4681-95ED-E9989775562C}
		{CCF4444F-EF2B-49BC-B4BD-64F3C98B46B0} = {1EF1E430-0FF9-40A5-AE0E-8CB9306E4236}
		{DE00C2E3-A872-41B0-A1B0-5883F392F938} = {CD40645F-F31B-457B-837E-A17BD58BAAF0}
		{F8A5E4BA-F81C-4C2C-BC57-69E4C5B8ACE7} = {A3616562-88C6-4E8C-A490-19C8E488AB6D}
	EndGlobalSection
	GlobalSection(ExtensibilityGlobals) = postSolution
		SolutionGuid = {2F59E3B3-9866-4987-9D6A-A54AFEAA8398}
	EndGlobalSection
EndGlobal
